
Microsoft Visual Studio Solution File, Format Version 12.00
# Visual Studio 15
VisualStudioVersion = 15.0.28307.1209
MinimumVisualStudioVersion = 10.0.40219.1
Project("{FAE04EC0-301F-11D3-BF4B-00C04F79EFBC}") = "DateiSucher", "DateiSucher\DateiSucher.csproj", "{81A2D2FD-CDE9-4B6C-B17E-ABF1FDF3B018}"
EndProject
Global
	GlobalSection(SolutionConfigurationPlatforms) = preSolution
		Debug|Any CPU = Debug|Any CPU
		Release|Any CPU = Release|Any CPU
	EndGlobalSection
	GlobalSection(ProjectConfigurationPlatforms) = postSolution
		{81A2D2FD-CDE9-4B6C-B17E-ABF1FDF3B018}.Debug|Any CPU.ActiveCfg = Debug|Any CPU
		{81A2D2FD-CDE9-4B6C-B17E-ABF1FDF3B018}.Debug|Any CPU.Build.0 = Debug|Any CPU
		{81A2D2FD-CDE9-4B6C-B17E-ABF1FDF3B018}.Release|Any CPU.ActiveCfg = Release|Any CPU
		{81A2D2FD-CDE9-4B6C-B17E-ABF1FDF3B018}.Release|Any CPU.Build.0 = Release|Any CPU
	EndGlobalSection
	GlobalSection(SolutionProperties) = preSolution
		HideSolutionNode = FALSE
	EndGlobalSection
	GlobalSection(ExtensibilityGlobals) = postSolution
		SolutionGuid = {F16B3756-0545-410B-BF39-762BB0571D65}
	EndGlobalSection
EndGlobal
